{
  "name": "@cmd-software/alpine-animate",
  "version": "1.0.0",
  "lockfileVersion": 3,
  "requires": true,
  "packages": {
    "": {
      "name": "@cmd-software/alpine-animate",
      "version": "1.0.0",
      "license": "MIT",
      "dependencies": {
        "@alpinejs/intersect": "^3.14.1"
      }
    },
    "node_modules/@alpinejs/intersect": {
      "version": "3.14.1",
      "resolved": "https://registry.npmjs.org/@alpinejs/intersect/-/intersect-3.14.1.tgz",
      "integrity": "sha512-+qlQief0QWPqjFjoylr+CfKOkwvnxldRQg/WT1PscyPAeykK+wJOJAEQCimwwaLnYHxiXdF6whti5o7GYPYNxw==",
      "license": "MIT"
    }
  }
}
